
Microsoft Visual Studio Solution File, Format Version 12.00
# Visual Studio Version 17
VisualStudioVersion = 17.13.35806.99
MinimumVisualStudioVersion = 10.0.40219.1
Project("{FAE04EC0-301F-11D3-BF4B-00C04F79EFBC}") = "AccountFistOption", "AccountFistOption.csproj", "{259F1F3F-B4EA-49AC-8D1C-96DE13E17605}"
EndProject
Global
	GlobalSection(SolutionConfigurationPlatforms) = preSolution
		Debug|Any CPU = Debug|Any CPU
		Release|Any CPU = Release|Any CPU
	EndGlobalSection
	GlobalSection(ProjectConfigurationPlatforms) = postSolution
		{259F1F3F-B4EA-49AC-8D1C-96DE13E17605}.Debug|Any CPU.ActiveCfg = Debug|Any CPU
		{259F1F3F-B4EA-49AC-8D1C-96DE13E17605}.Debug|Any CPU.Build.0 = Debug|Any CPU
		{259F1F3F-B4EA-49AC-8D1C-96DE13E17605}.Release|Any CPU.ActiveCfg = Release|Any CPU
		{259F1F3F-B4EA-49AC-8D1C-96DE13E17605}.Release|Any CPU.Build.0 = Release|Any CPU
	EndGlobalSection
	GlobalSection(SolutionProperties) = preSolution
		HideSolutionNode = FALSE
	EndGlobalSection
	GlobalSection(ExtensibilityGlobals) = postSolution
		SolutionGuid = {823671FD-B931-4978-9B6C-565CE0EBA2DD}
	EndGlobalSection
EndGlobal
